
Microsoft Visual Studio Solution File, Format Version 12.00
# Visual Studio Version 17
VisualStudioVersion = 17.10.34928.147
MinimumVisualStudioVersion = 10.0.40219.1
Project("{9A19103F-16F7-4668-BE54-9A1E7A4F7556}") = "TPRestaurent.BackEndCore.API", "TPRestaurent.BackEndCore.API\TPRestaurent.BackEndCore.API.csproj", "{14711226-16C9-490A-A896-66AB19C3CAA9}"
EndProject
Project("{9A19103F-16F7-4668-BE54-9A1E7A4F7556}") = "TPRestaurent.BackEndCore.Domain", "TPRestaurent.BackEndCore.Domain\TPRestaurent.BackEndCore.Domain.csproj", "{9AEEB9E2-B708-4CE2-89CF-6FB4B8B897AA}"
EndProject
Project("{9A19103F-16F7-4668-BE54-9A1E7A4F7556}") = "TPRestaurent.BackEndCore.Application", "TPRestaurent.BackEndCore.Application\TPRestaurent.BackEndCore.Application.csproj", "{4E770791-A5CF-40F9-BCE5-202238F3E44F}"
EndProject
Project("{9A19103F-16F7-4668-BE54-9A1E7A4F7556}") = "TPRestaurent.BackEndCore.Infrastructure", "TPRestaurent.BackEndCore.Infrastructure\TPRestaurent.BackEndCore.Infrastructure.csproj", "{5111D0AE-3557-430C-993E-3291137618E5}"
EndProject
Project("{9A19103F-16F7-4668-BE54-9A1E7A4F7556}") = "TPRestaurent.BackEndCore.Common", "TPRestaurent.BackEndCore.Common\TPRestaurent.BackEndCore.Common.csproj", "{D3C5289B-EE3B-4250-B0EC-AEA6098FBE3B}"
EndProject
Global
	GlobalSection(SolutionConfigurationPlatforms) = preSolution
		Debug|Any CPU = Debug|Any CPU
		Release|Any CPU = Release|Any CPU
	EndGlobalSection
	GlobalSection(ProjectConfigurationPlatforms) = postSolution
		{14711226-16C9-490A-A896-66AB19C3CAA9}.Debug|Any CPU.ActiveCfg = Debug|Any CPU
		{14711226-16C9-490A-A896-66AB19C3CAA9}.Debug|Any CPU.Build.0 = Debug|Any CPU
		{14711226-16C9-490A-A896-66AB19C3CAA9}.Release|Any CPU.ActiveCfg = Release|Any CPU
		{14711226-16C9-490A-A896-66AB19C3CAA9}.Release|Any CPU.Build.0 = Release|Any CPU
		{9AEEB9E2-B708-4CE2-89CF-6FB4B8B897AA}.Debug|Any CPU.ActiveCfg = Debug|Any CPU
		{9AEEB9E2-B708-4CE2-89CF-6FB4B8B897AA}.Debug|Any CPU.Build.0 = Debug|Any CPU
		{9AEEB9E2-B708-4CE2-89CF-6FB4B8B897AA}.Release|Any CPU.ActiveCfg = Release|Any CPU
		{9AEEB9E2-B708-4CE2-89CF-6FB4B8B897AA}.Release|Any CPU.Build.0 = Release|Any CPU
		{4E770791-A5CF-40F9-BCE5-202238F3E44F}.Debug|Any CPU.ActiveCfg = Debug|Any CPU
		{4E770791-A5CF-40F9-BCE5-202238F3E44F}.Debug|Any CPU.Build.0 = Debug|Any CPU
		{4E770791-A5CF-40F9-BCE5-202238F3E44F}.Release|Any CPU.ActiveCfg = Release|Any CPU
		{4E770791-A5CF-40F9-BCE5-202238F3E44F}.Release|Any CPU.Build.0 = Release|Any CPU
		{5111D0AE-3557-430C-993E-3291137618E5}.Debug|Any CPU.ActiveCfg = Debug|Any CPU
		{5111D0AE-3557-430C-993E-3291137618E5}.Debug|Any CPU.Build.0 = Debug|Any CPU
		{5111D0AE-3557-430C-993E-3291137618E5}.Release|Any CPU.ActiveCfg = Release|Any CPU
		{5111D0AE-3557-430C-993E-3291137618E5}.Release|Any CPU.Build.0 = Release|Any CPU
		{D3C5289B-EE3B-4250-B0EC-AEA6098FBE3B}.Debug|Any CPU.ActiveCfg = Debug|Any CPU
		{D3C5289B-EE3B-4250-B0EC-AEA6098FBE3B}.Debug|Any CPU.Build.0 = Debug|Any CPU
		{D3C5289B-EE3B-4250-B0EC-AEA6098FBE3B}.Release|Any CPU.ActiveCfg = Release|Any CPU
		{D3C5289B-EE3B-4250-B0EC-AEA6098FBE3B}.Release|Any CPU.Build.0 = Release|Any CPU
	EndGlobalSection
	GlobalSection(SolutionProperties) = preSolution
		HideSolutionNode = FALSE
	EndGlobalSection
	GlobalSection(ExtensibilityGlobals) = postSolution
		SolutionGuid = {3536A9B6-E24D-4384-916D-50CD9865BB0F}
	EndGlobalSection
EndGlobal
